{
  "version": 4,
  "terraform_version": "1.0.8",
  "serial": 1,
  "lineage": "53d60dd9-dbb8-704c-de4e-672f62473907",
  "outputs": {},
  "resources": [
    {
      "mode": "managed",
      "type": "aws_vpc",
      "name": "Friday_vpc",
      "provider": "provider[\"registry.terraform.io/hashicorp/aws\"]",
      "instances": [
        {
          "schema_version": 1,
          "attributes": {
            "arn": "arn:aws:ec2:us-west-1:918036553525:vpc/vpc-0128b79da907ee638",
            "assign_generated_ipv6_cidr_block": false,
            "cidr_block": "10.0.0.0/16",
            "default_network_acl_id": "acl-04bd56ca012fc8e6b",
            "default_route_table_id": "rtb-06496e1010852c143",
            "default_security_group_id": "sg-05a37a154424e19c4",
            "dhcp_options_id": "dopt-3b297f5c",
            "enable_classiclink": false,
            "enable_classiclink_dns_support": false,
            "enable_dns_hostnames": false,
            "enable_dns_support": true,
            "id": "vpc-0128b79da907ee638",
            "instance_tenancy": "default",
            "ipv6_association_id": "",
            "ipv6_cidr_block": "",
            "main_route_table_id": "rtb-06496e1010852c143",
            "owner_id": "918036553525",
            "tags": {
              "env": "developement",
              "name": "testvpc"
            },
            "tags_all": {
              "env": "developement",
              "name": "testvpc"
            }
          },
          "sensitive_attributes": [],
          "private": "eyJzY2hlbWFfdmVyc2lvbiI6IjEifQ=="
        }
      ]
    }
  ]
}
